{
  "name": "lol-measurements",
  "version": "0.1.0",
  "lockfileVersion": 2,
  "requires": true,
  "packages": {
    "": {
      "name": "lol-measurements",
      "version": "0.1.0",
      "license": "MIT",
      "dependencies": {
        "lol-constants": "^2.0.0"
      }
    },
    "node_modules/lol-constants": {
      "version": "2.0.0",
      "resolved": "https://registry.npmjs.org/lol-constants/-/lol-constants-2.0.0.tgz",
      "integrity": "sha512-OW0+OaKPEXXj6FFvRX6tZukZ1OSuwL0yQDmAx833l0LDTi4O4KzGB0mC9MB6dqEqQxRV2qySHkW9osh7TJAtRg=="
    }
  },
  "dependencies": {
    "lol-constants": {
      "version": "2.0.0",
      "resolved": "https://registry.npmjs.org/lol-constants/-/lol-constants-2.0.0.tgz",
      "integrity": "sha512-OW0+OaKPEXXj6FFvRX6tZukZ1OSuwL0yQDmAx833l0LDTi4O4KzGB0mC9MB6dqEqQxRV2qySHkW9osh7TJAtRg=="
    }
  }
}
