{
  "name": "lol-measurements",
  "version": "0.1.0",
  "lockfileVersion": 2,
  "requires": true,
  "packages": {
    "": {
      "name": "lol-measurements",
      "version": "0.1.0",
      "license": "MIT",
      "dependencies": {
        "lol-constants": "^2.3.1",
        "rift-js-utils": "^1.7.0"
      }
    },
    "node_modules/lol-constants": {
      "version": "2.3.1",
      "resolved": "https://registry.npmjs.org/lol-constants/-/lol-constants-2.3.1.tgz",
      "integrity": "sha512-EbBiS3YIrgjefzzDemXGycEdXjLVZr9LBq8xb0Pknx3LI29hJlMKItNcE/wtgcQvel/byFSxP0zECbFNmQBAKw=="
    },
    "node_modules/preact": {
      "version": "10.14.0",
      "resolved": "https://registry.npmjs.org/preact/-/preact-10.14.0.tgz",
      "integrity": "sha512-4oh2sf208mKAdL5AQtzXxE387iSGNWMX/YjwMjH6m/XROILKAmx5Pbs2FsXrW7ixoVGGjpfYSBB833vOwYxNxw==",
      "funding": {
        "type": "opencollective",
        "url": "https://opencollective.com/preact"
      }
    },
    "node_modules/rift-js-utils": {
      "version": "1.7.0",
      "resolved": "https://registry.npmjs.org/rift-js-utils/-/rift-js-utils-1.7.0.tgz",
      "integrity": "sha512-jBNRwP8A3wW4p3q/DGd84ANJXT3Pbi6NOhY1WiEEi6RSUczP7RtTY87NzKgT9FBCWKY8LIOf3r4X+so9QjWA4A==",
      "dependencies": {
        "preact": "^10.8.1"
      }
    }
  },
  "dependencies": {
    "lol-constants": {
      "version": "2.3.1",
      "resolved": "https://registry.npmjs.org/lol-constants/-/lol-constants-2.3.1.tgz",
      "integrity": "sha512-EbBiS3YIrgjefzzDemXGycEdXjLVZr9LBq8xb0Pknx3LI29hJlMKItNcE/wtgcQvel/byFSxP0zECbFNmQBAKw=="
    },
    "preact": {
      "version": "10.14.0",
      "resolved": "https://registry.npmjs.org/preact/-/preact-10.14.0.tgz",
      "integrity": "sha512-4oh2sf208mKAdL5AQtzXxE387iSGNWMX/YjwMjH6m/XROILKAmx5Pbs2FsXrW7ixoVGGjpfYSBB833vOwYxNxw=="
    },
    "rift-js-utils": {
      "version": "1.7.0",
      "resolved": "https://registry.npmjs.org/rift-js-utils/-/rift-js-utils-1.7.0.tgz",
      "integrity": "sha512-jBNRwP8A3wW4p3q/DGd84ANJXT3Pbi6NOhY1WiEEi6RSUczP7RtTY87NzKgT9FBCWKY8LIOf3r4X+so9QjWA4A==",
      "requires": {
        "preact": "^10.8.1"
      }
    }
  }
}
